
Microsoft Visual Studio Solution File, Format Version 12.00
# Visual Studio 15
VisualStudioVersion = 15.0.27703.2018
MinimumVisualStudioVersion = 10.0.40219.1
Project("{FAE04EC0-301F-11D3-BF4B-00C04F79EFBC}") = "200339879_LessonThree_ClassProject", "200339879_LessonThree_ClassProject\200339879_LessonThree_ClassProject.csproj", "{2E63FC4A-95F2-4C22-A120-7AB3F4DB7CE1}"
EndProject
Global
	GlobalSection(SolutionConfigurationPlatforms) = preSolution
		Debug|Any CPU = Debug|Any CPU
		Release|Any CPU = Release|Any CPU
	EndGlobalSection
	GlobalSection(ProjectConfigurationPlatforms) = postSolution
		{2E63FC4A-95F2-4C22-A120-7AB3F4DB7CE1}.Debug|Any CPU.ActiveCfg = Debug|Any CPU
		{2E63FC4A-95F2-4C22-A120-7AB3F4DB7CE1}.Debug|Any CPU.Build.0 = Debug|Any CPU
		{2E63FC4A-95F2-4C22-A120-7AB3F4DB7CE1}.Release|Any CPU.ActiveCfg = Release|Any CPU
		{2E63FC4A-95F2-4C22-A120-7AB3F4DB7CE1}.Release|Any CPU.Build.0 = Release|Any CPU
	EndGlobalSection
	GlobalSection(SolutionProperties) = preSolution
		HideSolutionNode = FALSE
	EndGlobalSection
	GlobalSection(ExtensibilityGlobals) = postSolution
		SolutionGuid = {C15BB1A2-4E34-4EA3-B30D-3CF350E5073C}
	EndGlobalSection
EndGlobal
